
Microsoft Visual Studio Solution File, Format Version 12.00
# Visual Studio Version 16
VisualStudioVersion = 16.0.30011.22
MinimumVisualStudioVersion = 15.0.26124.0
Project("{9A19103F-16F7-4668-BE54-9A1E7A4F7556}") = "Domain", "Domain\Domain.csproj", "{B871A356-09F7-452D-9B8A-E4BD58D5C4D1}"
EndProject
Project("{9A19103F-16F7-4668-BE54-9A1E7A4F7556}") = "Application", "Application\Application.csproj", "{BF2EBB13-7EB1-4C9F-B6F3-C34D6C0C076A}"
EndProject
Project("{9A19103F-16F7-4668-BE54-9A1E7A4F7556}") = "Persistence", "Persistence\Persistence.csproj", "{AE426B81-6C31-46BB-A20D-F561792BF7AD}"
EndProject
Project("{9A19103F-16F7-4668-BE54-9A1E7A4F7556}") = "API", "API\API.csproj", "{B605D050-B327-473A-9DDB-15CD6668A43B}"
EndProject
Project("{E24C65DC-7377-472B-9ABA-BC803B73C61A}") = "client-app", "client-app\", "{2CC708BA-2762-4EC3-85F5-861893F99908}"
	ProjectSection(WebsiteProperties) = preProject
		TargetFrameworkMoniker = ".NETFramework,Version%3Dv4.0"
		Debug.AspNetCompiler.VirtualPath = "/localhost_52785"
		Debug.AspNetCompiler.PhysicalPath = "client-app\"
		Debug.AspNetCompiler.TargetPath = "PrecompiledWeb\localhost_52785\"
		Debug.AspNetCompiler.Updateable = "true"
		Debug.AspNetCompiler.ForceOverwrite = "true"
		Debug.AspNetCompiler.FixedNames = "false"
		Debug.AspNetCompiler.Debug = "True"
		Release.AspNetCompiler.VirtualPath = "/localhost_52785"
		Release.AspNetCompiler.PhysicalPath = "client-app\"
		Release.AspNetCompiler.TargetPath = "PrecompiledWeb\localhost_52785\"
		Release.AspNetCompiler.Updateable = "true"
		Release.AspNetCompiler.ForceOverwrite = "true"
		Release.AspNetCompiler.FixedNames = "false"
		Release.AspNetCompiler.Debug = "False"
		VWDPort = "52785"
		SlnRelativePath = "client-app\"
	EndProjectSection
EndProject
Global
	GlobalSection(SolutionConfigurationPlatforms) = preSolution
		Debug|Any CPU = Debug|Any CPU
		Debug|x64 = Debug|x64
		Debug|x86 = Debug|x86
		Release|Any CPU = Release|Any CPU
		Release|x64 = Release|x64
		Release|x86 = Release|x86
	EndGlobalSection
	GlobalSection(ProjectConfigurationPlatforms) = postSolution
		{B871A356-09F7-452D-9B8A-E4BD58D5C4D1}.Debug|Any CPU.ActiveCfg = Debug|Any CPU
		{B871A356-09F7-452D-9B8A-E4BD58D5C4D1}.Debug|Any CPU.Build.0 = Debug|Any CPU
		{B871A356-09F7-452D-9B8A-E4BD58D5C4D1}.Debug|x64.ActiveCfg = Debug|Any CPU
		{B871A356-09F7-452D-9B8A-E4BD58D5C4D1}.Debug|x64.Build.0 = Debug|Any CPU
		{B871A356-09F7-452D-9B8A-E4BD58D5C4D1}.Debug|x86.ActiveCfg = Debug|Any CPU
		{B871A356-09F7-452D-9B8A-E4BD58D5C4D1}.Debug|x86.Build.0 = Debug|Any CPU
		{B871A356-09F7-452D-9B8A-E4BD58D5C4D1}.Release|Any CPU.ActiveCfg = Release|Any CPU
		{B871A356-09F7-452D-9B8A-E4BD58D5C4D1}.Release|Any CPU.Build.0 = Release|Any CPU
		{B871A356-09F7-452D-9B8A-E4BD58D5C4D1}.Release|x64.ActiveCfg = Release|Any CPU
		{B871A356-09F7-452D-9B8A-E4BD58D5C4D1}.Release|x64.Build.0 = Release|Any CPU
		{B871A356-09F7-452D-9B8A-E4BD58D5C4D1}.Release|x86.ActiveCfg = Release|Any CPU
		{B871A356-09F7-452D-9B8A-E4BD58D5C4D1}.Release|x86.Build.0 = Release|Any CPU
		{BF2EBB13-7EB1-4C9F-B6F3-C34D6C0C076A}.Debug|Any CPU.ActiveCfg = Debug|Any CPU
		{BF2EBB13-7EB1-4C9F-B6F3-C34D6C0C076A}.Debug|Any CPU.Build.0 = Debug|Any CPU
		{BF2EBB13-7EB1-4C9F-B6F3-C34D6C0C076A}.Debug|x64.ActiveCfg = Debug|Any CPU
		{BF2EBB13-7EB1-4C9F-B6F3-C34D6C0C076A}.Debug|x64.Build.0 = Debug|Any CPU
		{BF2EBB13-7EB1-4C9F-B6F3-C34D6C0C076A}.Debug|x86.ActiveCfg = Debug|Any CPU
		{BF2EBB13-7EB1-4C9F-B6F3-C34D6C0C076A}.Debug|x86.Build.0 = Debug|Any CPU
		{BF2EBB13-7EB1-4C9F-B6F3-C34D6C0C076A}.Release|Any CPU.ActiveCfg = Release|Any CPU
		{BF2EBB13-7EB1-4C9F-B6F3-C34D6C0C076A}.Release|Any CPU.Build.0 = Release|Any CPU
		{BF2EBB13-7EB1-4C9F-B6F3-C34D6C0C076A}.Release|x64.ActiveCfg = Release|Any CPU
		{BF2EBB13-7EB1-4C9F-B6F3-C34D6C0C076A}.Release|x64.Build.0 = Release|Any CPU
		{BF2EBB13-7EB1-4C9F-B6F3-C34D6C0C076A}.Release|x86.ActiveCfg = Release|Any CPU
		{BF2EBB13-7EB1-4C9F-B6F3-C34D6C0C076A}.Release|x86.Build.0 = Release|Any CPU
		{AE426B81-6C31-46BB-A20D-F561792BF7AD}.Debug|Any CPU.ActiveCfg = Debug|Any CPU
		{AE426B81-6C31-46BB-A20D-F561792BF7AD}.Debug|Any CPU.Build.0 = Debug|Any CPU
		{AE426B81-6C31-46BB-A20D-F561792BF7AD}.Debug|x64.ActiveCfg = Debug|Any CPU
		{AE426B81-6C31-46BB-A20D-F561792BF7AD}.Debug|x64.Build.0 = Debug|Any CPU
		{AE426B81-6C31-46BB-A20D-F561792BF7AD}.Debug|x86.ActiveCfg = Debug|Any CPU
		{AE426B81-6C31-46BB-A20D-F561792BF7AD}.Debug|x86.Build.0 = Debug|Any CPU
		{AE426B81-6C31-46BB-A20D-F561792BF7AD}.Release|Any CPU.ActiveCfg = Release|Any CPU
		{AE426B81-6C31-46BB-A20D-F561792BF7AD}.Release|Any CPU.Build.0 = Release|Any CPU
		{AE426B81-6C31-46BB-A20D-F561792BF7AD}.Release|x64.ActiveCfg = Release|Any CPU
		{AE426B81-6C31-46BB-A20D-F561792BF7AD}.Release|x64.Build.0 = Release|Any CPU
		{AE426B81-6C31-46BB-A20D-F561792BF7AD}.Release|x86.ActiveCfg = Release|Any CPU
		{AE426B81-6C31-46BB-A20D-F561792BF7AD}.Release|x86.Build.0 = Release|Any CPU
		{B605D050-B327-473A-9DDB-15CD6668A43B}.Debug|Any CPU.ActiveCfg = Debug|Any CPU
		{B605D050-B327-473A-9DDB-15CD6668A43B}.Debug|Any CPU.Build.0 = Debug|Any CPU
		{B605D050-B327-473A-9DDB-15CD6668A43B}.Debug|x64.ActiveCfg = Debug|Any CPU
		{B605D050-B327-473A-9DDB-15CD6668A43B}.Debug|x64.Build.0 = Debug|Any CPU
		{B605D050-B327-473A-9DDB-15CD6668A43B}.Debug|x86.ActiveCfg = Debug|Any CPU
		{B605D050-B327-473A-9DDB-15CD6668A43B}.Debug|x86.Build.0 = Debug|Any CPU
		{B605D050-B327-473A-9DDB-15CD6668A43B}.Release|Any CPU.ActiveCfg = Release|Any CPU
		{B605D050-B327-473A-9DDB-15CD6668A43B}.Release|Any CPU.Build.0 = Release|Any CPU
		{B605D050-B327-473A-9DDB-15CD6668A43B}.Release|x64.ActiveCfg = Release|Any CPU
		{B605D050-B327-473A-9DDB-15CD6668A43B}.Release|x64.Build.0 = Release|Any CPU
		{B605D050-B327-473A-9DDB-15CD6668A43B}.Release|x86.ActiveCfg = Release|Any CPU
		{B605D050-B327-473A-9DDB-15CD6668A43B}.Release|x86.Build.0 = Release|Any CPU
		{2CC708BA-2762-4EC3-85F5-861893F99908}.Debug|Any CPU.ActiveCfg = Debug|Any CPU
		{2CC708BA-2762-4EC3-85F5-861893F99908}.Debug|Any CPU.Build.0 = Debug|Any CPU
		{2CC708BA-2762-4EC3-85F5-861893F99908}.Debug|x64.ActiveCfg = Debug|Any CPU
		{2CC708BA-2762-4EC3-85F5-861893F99908}.Debug|x64.Build.0 = Debug|Any CPU
		{2CC708BA-2762-4EC3-85F5-861893F99908}.Debug|x86.ActiveCfg = Debug|Any CPU
		{2CC708BA-2762-4EC3-85F5-861893F99908}.Debug|x86.Build.0 = Debug|Any CPU
		{2CC708BA-2762-4EC3-85F5-861893F99908}.Release|Any CPU.ActiveCfg = Debug|Any CPU
		{2CC708BA-2762-4EC3-85F5-861893F99908}.Release|Any CPU.Build.0 = Debug|Any CPU
		{2CC708BA-2762-4EC3-85F5-861893F99908}.Release|x64.ActiveCfg = Debug|Any CPU
		{2CC708BA-2762-4EC3-85F5-861893F99908}.Release|x64.Build.0 = Debug|Any CPU
		{2CC708BA-2762-4EC3-85F5-861893F99908}.Release|x86.ActiveCfg = Debug|Any CPU
		{2CC708BA-2762-4EC3-85F5-861893F99908}.Release|x86.Build.0 = Debug|Any CPU
	EndGlobalSection
	GlobalSection(SolutionProperties) = preSolution
		HideSolutionNode = FALSE
	EndGlobalSection
	GlobalSection(ExtensibilityGlobals) = postSolution
		SolutionGuid = {87F06C34-F4ED-4857-BB30-C51F668A0846}
	EndGlobalSection
EndGlobal
